
Microsoft Visual Studio Solution File, Format Version 12.00
# Visual Studio Version 16
VisualStudioVersion = 16.0.31829.152
MinimumVisualStudioVersion = 10.0.40219.1
Project("{FAE04EC0-301F-11D3-BF4B-00C04F79EFBC}") = "base1_Lesson4", "base1_Lesson4\base1_Lesson4.csproj", "{78C2FDCA-BDFE-4313-AD35-61E20AB3ED69}"
EndProject
Project("{FAE04EC0-301F-11D3-BF4B-00C04F79EFBC}") = "Add2_Lesson4", "..\Add2_Lesson4\Add2_Lesson4.csproj", "{4E2DC473-52B3-472A-8FAA-D9695E718244}"
EndProject
Project("{FAE04EC0-301F-11D3-BF4B-00C04F79EFBC}") = "add3_Lesson4", "..\Add3_Lesson4\add3_Lesson4\add3_Lesson4.csproj", "{D37A9D88-DAB3-430D-8E10-5563BCF401D6}"
EndProject
Global
	GlobalSection(SolutionConfigurationPlatforms) = preSolution
		Debug|Any CPU = Debug|Any CPU
		Release|Any CPU = Release|Any CPU
	EndGlobalSection
	GlobalSection(ProjectConfigurationPlatforms) = postSolution
		{78C2FDCA-BDFE-4313-AD35-61E20AB3ED69}.Debug|Any CPU.ActiveCfg = Debug|Any CPU
		{78C2FDCA-BDFE-4313-AD35-61E20AB3ED69}.Debug|Any CPU.Build.0 = Debug|Any CPU
		{78C2FDCA-BDFE-4313-AD35-61E20AB3ED69}.Release|Any CPU.ActiveCfg = Release|Any CPU
		{78C2FDCA-BDFE-4313-AD35-61E20AB3ED69}.Release|Any CPU.Build.0 = Release|Any CPU
		{4E2DC473-52B3-472A-8FAA-D9695E718244}.Debug|Any CPU.ActiveCfg = Debug|Any CPU
		{4E2DC473-52B3-472A-8FAA-D9695E718244}.Debug|Any CPU.Build.0 = Debug|Any CPU
		{4E2DC473-52B3-472A-8FAA-D9695E718244}.Release|Any CPU.ActiveCfg = Release|Any CPU
		{4E2DC473-52B3-472A-8FAA-D9695E718244}.Release|Any CPU.Build.0 = Release|Any CPU
		{D37A9D88-DAB3-430D-8E10-5563BCF401D6}.Debug|Any CPU.ActiveCfg = Debug|Any CPU
		{D37A9D88-DAB3-430D-8E10-5563BCF401D6}.Debug|Any CPU.Build.0 = Debug|Any CPU
		{D37A9D88-DAB3-430D-8E10-5563BCF401D6}.Release|Any CPU.ActiveCfg = Release|Any CPU
		{D37A9D88-DAB3-430D-8E10-5563BCF401D6}.Release|Any CPU.Build.0 = Release|Any CPU
	EndGlobalSection
	GlobalSection(SolutionProperties) = preSolution
		HideSolutionNode = FALSE
	EndGlobalSection
	GlobalSection(ExtensibilityGlobals) = postSolution
		SolutionGuid = {3F07431D-C392-4A82-968D-54E0DC6BA919}
	EndGlobalSection
EndGlobal
